
Microsoft Visual Studio Solution File, Format Version 12.00
# Visual Studio Version 17
VisualStudioVersion = 17.0.31903.59
MinimumVisualStudioVersion = 10.0.40219.1
Project("{FAE04EC0-301F-11D3-BF4B-00C04F79EFBC}") = "Web", "Web\Web.csproj", "{7ED801D1-3B10-4310-A9E6-D23F4D8CCE26}"
EndProject
Project("{FAE04EC0-301F-11D3-BF4B-00C04F79EFBC}") = "Web.Tests", "Web.Tests\Web.Tests.csproj", "{9BFD1ABB-30D5-4155-AB37-AE8A4CDE4B65}"
EndProject
Global
	GlobalSection(SolutionConfigurationPlatforms) = preSolution
		Debug|Any CPU = Debug|Any CPU
		Release|Any CPU = Release|Any CPU
	EndGlobalSection
	GlobalSection(SolutionProperties) = preSolution
		HideSolutionNode = FALSE
	EndGlobalSection
	GlobalSection(ProjectConfigurationPlatforms) = postSolution
		{7ED801D1-3B10-4310-A9E6-D23F4D8CCE26}.Debug|Any CPU.ActiveCfg = Debug|Any CPU
		{7ED801D1-3B10-4310-A9E6-D23F4D8CCE26}.Debug|Any CPU.Build.0 = Debug|Any CPU
		{7ED801D1-3B10-4310-A9E6-D23F4D8CCE26}.Release|Any CPU.ActiveCfg = Release|Any CPU
		{7ED801D1-3B10-4310-A9E6-D23F4D8CCE26}.Release|Any CPU.Build.0 = Release|Any CPU
		{9BFD1ABB-30D5-4155-AB37-AE8A4CDE4B65}.Debug|Any CPU.ActiveCfg = Debug|Any CPU
		{9BFD1ABB-30D5-4155-AB37-AE8A4CDE4B65}.Debug|Any CPU.Build.0 = Debug|Any CPU
		{9BFD1ABB-30D5-4155-AB37-AE8A4CDE4B65}.Release|Any CPU.ActiveCfg = Release|Any CPU
		{9BFD1ABB-30D5-4155-AB37-AE8A4CDE4B65}.Release|Any CPU.Build.0 = Release|Any CPU
	EndGlobalSection
EndGlobal
